
Microsoft Visual Studio Solution File, Format Version 12.00
# Visual Studio Version 17
VisualStudioVersion = 17.11.35327.3
MinimumVisualStudioVersion = 10.0.40219.1
Project("{FAE04EC0-301F-11D3-BF4B-00C04F79EFBC}") = "DataAccess", "DataAccess\DataAccess.csproj", "{AFD9108B-05AD-4CCC-A1D6-BC83D32398AE}"
EndProject
Project("{FAE04EC0-301F-11D3-BF4B-00C04F79EFBC}") = "Business", "Business\Business.csproj", "{1EA05E9D-BFF7-4070-9F91-4E1AF650EE40}"
EndProject
Project("{FAE04EC0-301F-11D3-BF4B-00C04F79EFBC}") = "Entity", "Entity\Entity.csproj", "{5F3741D1-56DF-4C1D-9569-39B37A53BA80}"
EndProject
Project("{FAE04EC0-301F-11D3-BF4B-00C04F79EFBC}") = "WebApi", "WebApi\WebApi.csproj", "{8405F3AA-48E1-423F-B802-313450220967}"
EndProject
Project("{FAE04EC0-301F-11D3-BF4B-00C04F79EFBC}") = "Core", "Core\Core.csproj", "{B6ACD506-F6FF-4A80-8660-479ACB61142B}"
EndProject
Global
	GlobalSection(SolutionConfigurationPlatforms) = preSolution
		Debug|Any CPU = Debug|Any CPU
		Release|Any CPU = Release|Any CPU
	EndGlobalSection
	GlobalSection(ProjectConfigurationPlatforms) = postSolution
		{AFD9108B-05AD-4CCC-A1D6-BC83D32398AE}.Debug|Any CPU.ActiveCfg = Debug|Any CPU
		{AFD9108B-05AD-4CCC-A1D6-BC83D32398AE}.Debug|Any CPU.Build.0 = Debug|Any CPU
		{AFD9108B-05AD-4CCC-A1D6-BC83D32398AE}.Release|Any CPU.ActiveCfg = Release|Any CPU
		{AFD9108B-05AD-4CCC-A1D6-BC83D32398AE}.Release|Any CPU.Build.0 = Release|Any CPU
		{1EA05E9D-BFF7-4070-9F91-4E1AF650EE40}.Debug|Any CPU.ActiveCfg = Debug|Any CPU
		{1EA05E9D-BFF7-4070-9F91-4E1AF650EE40}.Debug|Any CPU.Build.0 = Debug|Any CPU
		{1EA05E9D-BFF7-4070-9F91-4E1AF650EE40}.Release|Any CPU.ActiveCfg = Release|Any CPU
		{1EA05E9D-BFF7-4070-9F91-4E1AF650EE40}.Release|Any CPU.Build.0 = Release|Any CPU
		{5F3741D1-56DF-4C1D-9569-39B37A53BA80}.Debug|Any CPU.ActiveCfg = Debug|Any CPU
		{5F3741D1-56DF-4C1D-9569-39B37A53BA80}.Debug|Any CPU.Build.0 = Debug|Any CPU
		{5F3741D1-56DF-4C1D-9569-39B37A53BA80}.Release|Any CPU.ActiveCfg = Release|Any CPU
		{5F3741D1-56DF-4C1D-9569-39B37A53BA80}.Release|Any CPU.Build.0 = Release|Any CPU
		{8405F3AA-48E1-423F-B802-313450220967}.Debug|Any CPU.ActiveCfg = Debug|Any CPU
		{8405F3AA-48E1-423F-B802-313450220967}.Debug|Any CPU.Build.0 = Debug|Any CPU
		{8405F3AA-48E1-423F-B802-313450220967}.Release|Any CPU.ActiveCfg = Release|Any CPU
		{8405F3AA-48E1-423F-B802-313450220967}.Release|Any CPU.Build.0 = Release|Any CPU
		{B6ACD506-F6FF-4A80-8660-479ACB61142B}.Debug|Any CPU.ActiveCfg = Debug|Any CPU
		{B6ACD506-F6FF-4A80-8660-479ACB61142B}.Debug|Any CPU.Build.0 = Debug|Any CPU
		{B6ACD506-F6FF-4A80-8660-479ACB61142B}.Release|Any CPU.ActiveCfg = Release|Any CPU
		{B6ACD506-F6FF-4A80-8660-479ACB61142B}.Release|Any CPU.Build.0 = Release|Any CPU
	EndGlobalSection
	GlobalSection(SolutionProperties) = preSolution
		HideSolutionNode = FALSE
	EndGlobalSection
	GlobalSection(ExtensibilityGlobals) = postSolution
		SolutionGuid = {B67CEB93-16C4-4002-B778-02C4F568347B}
	EndGlobalSection
EndGlobal
